
Microsoft Visual Studio Solution File, Format Version 12.00
# Visual Studio 15
VisualStudioVersion = 15.0.28010.2016
MinimumVisualStudioVersion = 10.0.40219.1
Project("{FAE04EC0-301F-11D3-BF4B-00C04F79EFBC}") = "Greco.Gonzalo.2D.TP3", "Greco.Gonzalo.2D.TP3\Greco.Gonzalo.2D.TP3.csproj", "{8BE45359-C5EC-4285-99AD-0E74749E2E48}"
EndProject
Project("{FAE04EC0-301F-11D3-BF4B-00C04F79EFBC}") = "ClasesAbstractas", "Entidades\ClasesAbstractas.csproj", "{A581BFBC-FE40-4DBA-B3E5-7789E5FCC988}"
EndProject
Project("{FAE04EC0-301F-11D3-BF4B-00C04F79EFBC}") = "ClasesInstanciables", "ClasesInstanciables\ClasesInstanciables.csproj", "{A03A10D6-221A-4DD5-BE4F-2164E027CD03}"
EndProject
Project("{FAE04EC0-301F-11D3-BF4B-00C04F79EFBC}") = "Archivos", "Archivos\Archivos.csproj", "{B85B4C19-7E3A-4BF6-9113-39A8BBD7E2F2}"
EndProject
Project("{FAE04EC0-301F-11D3-BF4B-00C04F79EFBC}") = "Excepciones", "Excepciones\Excepciones.csproj", "{BB7F2E2E-1745-45AC-995F-7E6834EC77D2}"
EndProject
Project("{FAE04EC0-301F-11D3-BF4B-00C04F79EFBC}") = "TP3Test", "TP3Test\TP3Test.csproj", "{CD272EAB-2502-4FD3-A2D8-BF82CF23307D}"
EndProject
Global
	GlobalSection(SolutionConfigurationPlatforms) = preSolution
		Debug|Any CPU = Debug|Any CPU
		Debug|ARM = Debug|ARM
		Debug|x64 = Debug|x64
		Debug|x86 = Debug|x86
		Release|Any CPU = Release|Any CPU
		Release|ARM = Release|ARM
		Release|x64 = Release|x64
		Release|x86 = Release|x86
	EndGlobalSection
	GlobalSection(ProjectConfigurationPlatforms) = postSolution
		{8BE45359-C5EC-4285-99AD-0E74749E2E48}.Debug|Any CPU.ActiveCfg = Debug|Any CPU
		{8BE45359-C5EC-4285-99AD-0E74749E2E48}.Debug|Any CPU.Build.0 = Debug|Any CPU
		{8BE45359-C5EC-4285-99AD-0E74749E2E48}.Debug|ARM.ActiveCfg = Debug|Any CPU
		{8BE45359-C5EC-4285-99AD-0E74749E2E48}.Debug|ARM.Build.0 = Debug|Any CPU
		{8BE45359-C5EC-4285-99AD-0E74749E2E48}.Debug|x64.ActiveCfg = Debug|Any CPU
		{8BE45359-C5EC-4285-99AD-0E74749E2E48}.Debug|x64.Build.0 = Debug|Any CPU
		{8BE45359-C5EC-4285-99AD-0E74749E2E48}.Debug|x86.ActiveCfg = Debug|Any CPU
		{8BE45359-C5EC-4285-99AD-0E74749E2E48}.Debug|x86.Build.0 = Debug|Any CPU
		{8BE45359-C5EC-4285-99AD-0E74749E2E48}.Release|Any CPU.ActiveCfg = Release|Any CPU
		{8BE45359-C5EC-4285-99AD-0E74749E2E48}.Release|Any CPU.Build.0 = Release|Any CPU
		{8BE45359-C5EC-4285-99AD-0E74749E2E48}.Release|ARM.ActiveCfg = Release|Any CPU
		{8BE45359-C5EC-4285-99AD-0E74749E2E48}.Release|ARM.Build.0 = Release|Any CPU
		{8BE45359-C5EC-4285-99AD-0E74749E2E48}.Release|x64.ActiveCfg = Release|Any CPU
		{8BE45359-C5EC-4285-99AD-0E74749E2E48}.Release|x64.Build.0 = Release|Any CPU
		{8BE45359-C5EC-4285-99AD-0E74749E2E48}.Release|x86.ActiveCfg = Release|Any CPU
		{8BE45359-C5EC-4285-99AD-0E74749E2E48}.Release|x86.Build.0 = Release|Any CPU
		{A581BFBC-FE40-4DBA-B3E5-7789E5FCC988}.Debug|Any CPU.ActiveCfg = Debug|Any CPU
		{A581BFBC-FE40-4DBA-B3E5-7789E5FCC988}.Debug|Any CPU.Build.0 = Debug|Any CPU
		{A581BFBC-FE40-4DBA-B3E5-7789E5FCC988}.Debug|ARM.ActiveCfg = Debug|Any CPU
		{A581BFBC-FE40-4DBA-B3E5-7789E5FCC988}.Debug|ARM.Build.0 = Debug|Any CPU
		{A581BFBC-FE40-4DBA-B3E5-7789E5FCC988}.Debug|x64.ActiveCfg = Debug|Any CPU
		{A581BFBC-FE40-4DBA-B3E5-7789E5FCC988}.Debug|x64.Build.0 = Debug|Any CPU
		{A581BFBC-FE40-4DBA-B3E5-7789E5FCC988}.Debug|x86.ActiveCfg = Debug|Any CPU
		{A581BFBC-FE40-4DBA-B3E5-7789E5FCC988}.Debug|x86.Build.0 = Debug|Any CPU
		{A581BFBC-FE40-4DBA-B3E5-7789E5FCC988}.Release|Any CPU.ActiveCfg = Release|Any CPU
		{A581BFBC-FE40-4DBA-B3E5-7789E5FCC988}.Release|Any CPU.Build.0 = Release|Any CPU
		{A581BFBC-FE40-4DBA-B3E5-7789E5FCC988}.Release|ARM.ActiveCfg = Release|Any CPU
		{A581BFBC-FE40-4DBA-B3E5-7789E5FCC988}.Release|ARM.Build.0 = Release|Any CPU
		{A581BFBC-FE40-4DBA-B3E5-7789E5FCC988}.Release|x64.ActiveCfg = Release|Any CPU
		{A581BFBC-FE40-4DBA-B3E5-7789E5FCC988}.Release|x64.Build.0 = Release|Any CPU
		{A581BFBC-FE40-4DBA-B3E5-7789E5FCC988}.Release|x86.ActiveCfg = Release|Any CPU
		{A581BFBC-FE40-4DBA-B3E5-7789E5FCC988}.Release|x86.Build.0 = Release|Any CPU
		{A03A10D6-221A-4DD5-BE4F-2164E027CD03}.Debug|Any CPU.ActiveCfg = Debug|Any CPU
		{A03A10D6-221A-4DD5-BE4F-2164E027CD03}.Debug|Any CPU.Build.0 = Debug|Any CPU
		{A03A10D6-221A-4DD5-BE4F-2164E027CD03}.Debug|ARM.ActiveCfg = Debug|Any CPU
		{A03A10D6-221A-4DD5-BE4F-2164E027CD03}.Debug|ARM.Build.0 = Debug|Any CPU
		{A03A10D6-221A-4DD5-BE4F-2164E027CD03}.Debug|x64.ActiveCfg = Debug|Any CPU
		{A03A10D6-221A-4DD5-BE4F-2164E027CD03}.Debug|x64.Build.0 = Debug|Any CPU
		{A03A10D6-221A-4DD5-BE4F-2164E027CD03}.Debug|x86.ActiveCfg = Debug|Any CPU
		{A03A10D6-221A-4DD5-BE4F-2164E027CD03}.Debug|x86.Build.0 = Debug|Any CPU
		{A03A10D6-221A-4DD5-BE4F-2164E027CD03}.Release|Any CPU.ActiveCfg = Release|Any CPU
		{A03A10D6-221A-4DD5-BE4F-2164E027CD03}.Release|Any CPU.Build.0 = Release|Any CPU
		{A03A10D6-221A-4DD5-BE4F-2164E027CD03}.Release|ARM.ActiveCfg = Release|Any CPU
		{A03A10D6-221A-4DD5-BE4F-2164E027CD03}.Release|ARM.Build.0 = Release|Any CPU
		{A03A10D6-221A-4DD5-BE4F-2164E027CD03}.Release|x64.ActiveCfg = Release|Any CPU
		{A03A10D6-221A-4DD5-BE4F-2164E027CD03}.Release|x64.Build.0 = Release|Any CPU
		{A03A10D6-221A-4DD5-BE4F-2164E027CD03}.Release|x86.ActiveCfg = Release|Any CPU
		{A03A10D6-221A-4DD5-BE4F-2164E027CD03}.Release|x86.Build.0 = Release|Any CPU
		{B85B4C19-7E3A-4BF6-9113-39A8BBD7E2F2}.Debug|Any CPU.ActiveCfg = Debug|Any CPU
		{B85B4C19-7E3A-4BF6-9113-39A8BBD7E2F2}.Debug|Any CPU.Build.0 = Debug|Any CPU
		{B85B4C19-7E3A-4BF6-9113-39A8BBD7E2F2}.Debug|ARM.ActiveCfg = Debug|Any CPU
		{B85B4C19-7E3A-4BF6-9113-39A8BBD7E2F2}.Debug|ARM.Build.0 = Debug|Any CPU
		{B85B4C19-7E3A-4BF6-9113-39A8BBD7E2F2}.Debug|x64.ActiveCfg = Debug|Any CPU
		{B85B4C19-7E3A-4BF6-9113-39A8BBD7E2F2}.Debug|x64.Build.0 = Debug|Any CPU
		{B85B4C19-7E3A-4BF6-9113-39A8BBD7E2F2}.Debug|x86.ActiveCfg = Debug|Any CPU
		{B85B4C19-7E3A-4BF6-9113-39A8BBD7E2F2}.Debug|x86.Build.0 = Debug|Any CPU
		{B85B4C19-7E3A-4BF6-9113-39A8BBD7E2F2}.Release|Any CPU.ActiveCfg = Release|Any CPU
		{B85B4C19-7E3A-4BF6-9113-39A8BBD7E2F2}.Release|Any CPU.Build.0 = Release|Any CPU
		{B85B4C19-7E3A-4BF6-9113-39A8BBD7E2F2}.Release|ARM.ActiveCfg = Release|Any CPU
		{B85B4C19-7E3A-4BF6-9113-39A8BBD7E2F2}.Release|ARM.Build.0 = Release|Any CPU
		{B85B4C19-7E3A-4BF6-9113-39A8BBD7E2F2}.Release|x64.ActiveCfg = Release|Any CPU
		{B85B4C19-7E3A-4BF6-9113-39A8BBD7E2F2}.Release|x64.Build.0 = Release|Any CPU
		{B85B4C19-7E3A-4BF6-9113-39A8BBD7E2F2}.Release|x86.ActiveCfg = Release|Any CPU
		{B85B4C19-7E3A-4BF6-9113-39A8BBD7E2F2}.Release|x86.Build.0 = Release|Any CPU
		{BB7F2E2E-1745-45AC-995F-7E6834EC77D2}.Debug|Any CPU.ActiveCfg = Debug|Any CPU
		{BB7F2E2E-1745-45AC-995F-7E6834EC77D2}.Debug|Any CPU.Build.0 = Debug|Any CPU
		{BB7F2E2E-1745-45AC-995F-7E6834EC77D2}.Debug|ARM.ActiveCfg = Debug|Any CPU
		{BB7F2E2E-1745-45AC-995F-7E6834EC77D2}.Debug|ARM.Build.0 = Debug|Any CPU
		{BB7F2E2E-1745-45AC-995F-7E6834EC77D2}.Debug|x64.ActiveCfg = Debug|Any CPU
		{BB7F2E2E-1745-45AC-995F-7E6834EC77D2}.Debug|x64.Build.0 = Debug|Any CPU
		{BB7F2E2E-1745-45AC-995F-7E6834EC77D2}.Debug|x86.ActiveCfg = Debug|Any CPU
		{BB7F2E2E-1745-45AC-995F-7E6834EC77D2}.Debug|x86.Build.0 = Debug|Any CPU
		{BB7F2E2E-1745-45AC-995F-7E6834EC77D2}.Release|Any CPU.ActiveCfg = Release|Any CPU
		{BB7F2E2E-1745-45AC-995F-7E6834EC77D2}.Release|Any CPU.Build.0 = Release|Any CPU
		{BB7F2E2E-1745-45AC-995F-7E6834EC77D2}.Release|ARM.ActiveCfg = Release|Any CPU
		{BB7F2E2E-1745-45AC-995F-7E6834EC77D2}.Release|ARM.Build.0 = Release|Any CPU
		{BB7F2E2E-1745-45AC-995F-7E6834EC77D2}.Release|x64.ActiveCfg = Release|Any CPU
		{BB7F2E2E-1745-45AC-995F-7E6834EC77D2}.Release|x64.Build.0 = Release|Any CPU
		{BB7F2E2E-1745-45AC-995F-7E6834EC77D2}.Release|x86.ActiveCfg = Release|Any CPU
		{BB7F2E2E-1745-45AC-995F-7E6834EC77D2}.Release|x86.Build.0 = Release|Any CPU
		{CD272EAB-2502-4FD3-A2D8-BF82CF23307D}.Debug|Any CPU.ActiveCfg = Debug|Any CPU
		{CD272EAB-2502-4FD3-A2D8-BF82CF23307D}.Debug|Any CPU.Build.0 = Debug|Any CPU
		{CD272EAB-2502-4FD3-A2D8-BF82CF23307D}.Debug|ARM.ActiveCfg = Debug|Any CPU
		{CD272EAB-2502-4FD3-A2D8-BF82CF23307D}.Debug|ARM.Build.0 = Debug|Any CPU
		{CD272EAB-2502-4FD3-A2D8-BF82CF23307D}.Debug|x64.ActiveCfg = Debug|Any CPU
		{CD272EAB-2502-4FD3-A2D8-BF82CF23307D}.Debug|x64.Build.0 = Debug|Any CPU
		{CD272EAB-2502-4FD3-A2D8-BF82CF23307D}.Debug|x86.ActiveCfg = Debug|Any CPU
		{CD272EAB-2502-4FD3-A2D8-BF82CF23307D}.Debug|x86.Build.0 = Debug|Any CPU
		{CD272EAB-2502-4FD3-A2D8-BF82CF23307D}.Release|Any CPU.ActiveCfg = Release|Any CPU
		{CD272EAB-2502-4FD3-A2D8-BF82CF23307D}.Release|Any CPU.Build.0 = Release|Any CPU
		{CD272EAB-2502-4FD3-A2D8-BF82CF23307D}.Release|ARM.ActiveCfg = Release|Any CPU
		{CD272EAB-2502-4FD3-A2D8-BF82CF23307D}.Release|ARM.Build.0 = Release|Any CPU
		{CD272EAB-2502-4FD3-A2D8-BF82CF23307D}.Release|x64.ActiveCfg = Release|Any CPU
		{CD272EAB-2502-4FD3-A2D8-BF82CF23307D}.Release|x64.Build.0 = Release|Any CPU
		{CD272EAB-2502-4FD3-A2D8-BF82CF23307D}.Release|x86.ActiveCfg = Release|Any CPU
		{CD272EAB-2502-4FD3-A2D8-BF82CF23307D}.Release|x86.Build.0 = Release|Any CPU
	EndGlobalSection
	GlobalSection(SolutionProperties) = preSolution
		HideSolutionNode = FALSE
	EndGlobalSection
	GlobalSection(ExtensibilityGlobals) = postSolution
		SolutionGuid = {BF4B1E05-9F9C-40C5-8617-B767D562725A}
	EndGlobalSection
EndGlobal
