
Microsoft Visual Studio Solution File, Format Version 12.00
# Visual Studio 15
VisualStudioVersion = 15.0.28010.2016
MinimumVisualStudioVersion = 10.0.40219.1
Project("{FAE04EC0-301F-11D3-BF4B-00C04F79EFBC}") = "Entidades", "EntidadesHechas\Entidades.csproj", "{E04F4D81-9FA5-4BAD-A965-D390F397B66E}"
EndProject
Project("{FAE04EC0-301F-11D3-BF4B-00C04F79EFBC}") = "Test", "20171123-SP-Cartas\Test.csproj", "{6A73424C-4EC7-4E31-922F-3B3C820D15C7}"
EndProject
Project("{FAE04EC0-301F-11D3-BF4B-00C04F79EFBC}") = "Excepciones", "Excepciones\Excepciones.csproj", "{9079AD36-F9E6-4363-B982-425475D70DDF}"
EndProject
Project("{FAE04EC0-301F-11D3-BF4B-00C04F79EFBC}") = "TestsUnitarios", "TestsUnitarios\TestsUnitarios.csproj", "{4E1D1C58-54C4-42FD-A3FB-32CFD028FF9C}"
EndProject
Global
	GlobalSection(SolutionConfigurationPlatforms) = preSolution
		Debug|Any CPU = Debug|Any CPU
		Release|Any CPU = Release|Any CPU
	EndGlobalSection
	GlobalSection(ProjectConfigurationPlatforms) = postSolution
		{E04F4D81-9FA5-4BAD-A965-D390F397B66E}.Debug|Any CPU.ActiveCfg = Debug|Any CPU
		{E04F4D81-9FA5-4BAD-A965-D390F397B66E}.Debug|Any CPU.Build.0 = Debug|Any CPU
		{E04F4D81-9FA5-4BAD-A965-D390F397B66E}.Release|Any CPU.ActiveCfg = Release|Any CPU
		{E04F4D81-9FA5-4BAD-A965-D390F397B66E}.Release|Any CPU.Build.0 = Release|Any CPU
		{6A73424C-4EC7-4E31-922F-3B3C820D15C7}.Debug|Any CPU.ActiveCfg = Debug|Any CPU
		{6A73424C-4EC7-4E31-922F-3B3C820D15C7}.Debug|Any CPU.Build.0 = Debug|Any CPU
		{6A73424C-4EC7-4E31-922F-3B3C820D15C7}.Release|Any CPU.ActiveCfg = Release|Any CPU
		{6A73424C-4EC7-4E31-922F-3B3C820D15C7}.Release|Any CPU.Build.0 = Release|Any CPU
		{9079AD36-F9E6-4363-B982-425475D70DDF}.Debug|Any CPU.ActiveCfg = Debug|Any CPU
		{9079AD36-F9E6-4363-B982-425475D70DDF}.Debug|Any CPU.Build.0 = Debug|Any CPU
		{9079AD36-F9E6-4363-B982-425475D70DDF}.Release|Any CPU.ActiveCfg = Release|Any CPU
		{9079AD36-F9E6-4363-B982-425475D70DDF}.Release|Any CPU.Build.0 = Release|Any CPU
		{4E1D1C58-54C4-42FD-A3FB-32CFD028FF9C}.Debug|Any CPU.ActiveCfg = Debug|Any CPU
		{4E1D1C58-54C4-42FD-A3FB-32CFD028FF9C}.Debug|Any CPU.Build.0 = Debug|Any CPU
		{4E1D1C58-54C4-42FD-A3FB-32CFD028FF9C}.Release|Any CPU.ActiveCfg = Release|Any CPU
		{4E1D1C58-54C4-42FD-A3FB-32CFD028FF9C}.Release|Any CPU.Build.0 = Release|Any CPU
	EndGlobalSection
	GlobalSection(SolutionProperties) = preSolution
		HideSolutionNode = FALSE
	EndGlobalSection
	GlobalSection(ExtensibilityGlobals) = postSolution
		SolutionGuid = {C250C989-44EA-4A51-8369-CCA093DB3365}
	EndGlobalSection
EndGlobal
